
Microsoft Visual Studio Solution File, Format Version 12.00
# Visual Studio Version 17
VisualStudioVersion = 17.2.32630.192
MinimumVisualStudioVersion = 10.0.40219.1
Project("{9A19103F-16F7-4668-BE54-9A1E7A4F7556}") = "WebUI", "WebUI\WebUI.csproj", "{909B5CDF-A8BF-492B-BF95-00FEA1CA008D}"
EndProject
Project("{FAE04EC0-301F-11D3-BF4B-00C04F79EFBC}") = "WebAPI", "WebAPI\WebAPI.csproj", "{E3773BB0-DC50-42C6-BD65-E75EF13FD868}"
EndProject
Project("{FAE04EC0-301F-11D3-BF4B-00C04F79EFBC}") = "Entities", "Entities\Entities.csproj", "{BB242674-FD22-434E-8BE5-686EC54E63FB}"
EndProject
Project("{FAE04EC0-301F-11D3-BF4B-00C04F79EFBC}") = "Business", "Business\Business.csproj", "{453CE94C-FFCB-4138-8A0A-70A3B42D2A83}"
EndProject
Global
	GlobalSection(SolutionConfigurationPlatforms) = preSolution
		Debug|Any CPU = Debug|Any CPU
		Release|Any CPU = Release|Any CPU
	EndGlobalSection
	GlobalSection(ProjectConfigurationPlatforms) = postSolution
		{909B5CDF-A8BF-492B-BF95-00FEA1CA008D}.Debug|Any CPU.ActiveCfg = Debug|Any CPU
		{909B5CDF-A8BF-492B-BF95-00FEA1CA008D}.Debug|Any CPU.Build.0 = Debug|Any CPU
		{909B5CDF-A8BF-492B-BF95-00FEA1CA008D}.Release|Any CPU.ActiveCfg = Release|Any CPU
		{909B5CDF-A8BF-492B-BF95-00FEA1CA008D}.Release|Any CPU.Build.0 = Release|Any CPU
		{E3773BB0-DC50-42C6-BD65-E75EF13FD868}.Debug|Any CPU.ActiveCfg = Debug|Any CPU
		{E3773BB0-DC50-42C6-BD65-E75EF13FD868}.Debug|Any CPU.Build.0 = Debug|Any CPU
		{E3773BB0-DC50-42C6-BD65-E75EF13FD868}.Release|Any CPU.ActiveCfg = Release|Any CPU
		{E3773BB0-DC50-42C6-BD65-E75EF13FD868}.Release|Any CPU.Build.0 = Release|Any CPU
		{BB242674-FD22-434E-8BE5-686EC54E63FB}.Debug|Any CPU.ActiveCfg = Debug|Any CPU
		{BB242674-FD22-434E-8BE5-686EC54E63FB}.Debug|Any CPU.Build.0 = Debug|Any CPU
		{BB242674-FD22-434E-8BE5-686EC54E63FB}.Release|Any CPU.ActiveCfg = Release|Any CPU
		{BB242674-FD22-434E-8BE5-686EC54E63FB}.Release|Any CPU.Build.0 = Release|Any CPU
		{453CE94C-FFCB-4138-8A0A-70A3B42D2A83}.Debug|Any CPU.ActiveCfg = Debug|Any CPU
		{453CE94C-FFCB-4138-8A0A-70A3B42D2A83}.Debug|Any CPU.Build.0 = Debug|Any CPU
		{453CE94C-FFCB-4138-8A0A-70A3B42D2A83}.Release|Any CPU.ActiveCfg = Release|Any CPU
		{453CE94C-FFCB-4138-8A0A-70A3B42D2A83}.Release|Any CPU.Build.0 = Release|Any CPU
	EndGlobalSection
	GlobalSection(SolutionProperties) = preSolution
		HideSolutionNode = FALSE
	EndGlobalSection
	GlobalSection(ExtensibilityGlobals) = postSolution
		SolutionGuid = {E8E39C05-C2FF-4780-807F-9E289397F7A7}
	EndGlobalSection
EndGlobal
